
Microsoft Visual Studio Solution File, Format Version 12.00
# Visual Studio Version 17
VisualStudioVersion = 17.8.34330.188
MinimumVisualStudioVersion = 10.0.40219.1
Project("{9A19103F-16F7-4668-BE54-9A1E7A4F7556}") = "EmployeeManagement", "EmployeeManagement\EmployeeManagement.csproj", "{C4D4112F-3BBB-4214-9015-742E6F12DAF0}"
EndProject
Global
	GlobalSection(SolutionConfigurationPlatforms) = preSolution
		Debug|Any CPU = Debug|Any CPU
		Release|Any CPU = Release|Any CPU
	EndGlobalSection
	GlobalSection(ProjectConfigurationPlatforms) = postSolution
		{C4D4112F-3BBB-4214-9015-742E6F12DAF0}.Debug|Any CPU.ActiveCfg = Debug|Any CPU
		{C4D4112F-3BBB-4214-9015-742E6F12DAF0}.Debug|Any CPU.Build.0 = Debug|Any CPU
		{C4D4112F-3BBB-4214-9015-742E6F12DAF0}.Release|Any CPU.ActiveCfg = Release|Any CPU
		{C4D4112F-3BBB-4214-9015-742E6F12DAF0}.Release|Any CPU.Build.0 = Release|Any CPU
	EndGlobalSection
	GlobalSection(SolutionProperties) = preSolution
		HideSolutionNode = FALSE
	EndGlobalSection
	GlobalSection(ExtensibilityGlobals) = postSolution
		SolutionGuid = {1A23AE28-2655-469A-A64A-8ECE39778EE2}
	EndGlobalSection
EndGlobal
